
Microsoft Visual Studio Solution File, Format Version 12.00
# Visual Studio Version 17
VisualStudioVersion = 17.0.31825.309
MinimumVisualStudioVersion = 10.0.40219.1
Project("{FAE04EC0-301F-11D3-BF4B-00C04F79EFBC}") = "BlazorApp1.Server", "BlazorApp1\Server\BlazorApp1.Server.csproj", "{129632FF-C411-4BA8-8723-6EB3A01FDB4D}"
EndProject
Project("{FAE04EC0-301F-11D3-BF4B-00C04F79EFBC}") = "BlazorApp1.Client", "BlazorApp1\Client\BlazorApp1.Client.csproj", "{5522F88C-2526-45CE-801E-5288A95793F4}"
EndProject
Project("{FAE04EC0-301F-11D3-BF4B-00C04F79EFBC}") = "BlazorApp1.Shared", "BlazorApp1\Shared\BlazorApp1.Shared.csproj", "{19314411-3101-4BF3-A953-45301E53586B}"
EndProject
Project("{FAE04EC0-301F-11D3-BF4B-00C04F79EFBC}") = "RazorClassLibrary1", "RazorClassLibrary1\RazorClassLibrary1.csproj", "{7B5E60FC-97A2-41AF-9B0C-3B74FA1ECCDD}"
EndProject
Global
	GlobalSection(SolutionConfigurationPlatforms) = preSolution
		Debug|Any CPU = Debug|Any CPU
		Release|Any CPU = Release|Any CPU
	EndGlobalSection
	GlobalSection(ProjectConfigurationPlatforms) = postSolution
		{129632FF-C411-4BA8-8723-6EB3A01FDB4D}.Debug|Any CPU.ActiveCfg = Debug|Any CPU
		{129632FF-C411-4BA8-8723-6EB3A01FDB4D}.Debug|Any CPU.Build.0 = Debug|Any CPU
		{129632FF-C411-4BA8-8723-6EB3A01FDB4D}.Release|Any CPU.ActiveCfg = Release|Any CPU
		{129632FF-C411-4BA8-8723-6EB3A01FDB4D}.Release|Any CPU.Build.0 = Release|Any CPU
		{5522F88C-2526-45CE-801E-5288A95793F4}.Debug|Any CPU.ActiveCfg = Debug|Any CPU
		{5522F88C-2526-45CE-801E-5288A95793F4}.Debug|Any CPU.Build.0 = Debug|Any CPU
		{5522F88C-2526-45CE-801E-5288A95793F4}.Release|Any CPU.ActiveCfg = Release|Any CPU
		{5522F88C-2526-45CE-801E-5288A95793F4}.Release|Any CPU.Build.0 = Release|Any CPU
		{19314411-3101-4BF3-A953-45301E53586B}.Debug|Any CPU.ActiveCfg = Debug|Any CPU
		{19314411-3101-4BF3-A953-45301E53586B}.Debug|Any CPU.Build.0 = Debug|Any CPU
		{19314411-3101-4BF3-A953-45301E53586B}.Release|Any CPU.ActiveCfg = Release|Any CPU
		{19314411-3101-4BF3-A953-45301E53586B}.Release|Any CPU.Build.0 = Release|Any CPU
		{7B5E60FC-97A2-41AF-9B0C-3B74FA1ECCDD}.Debug|Any CPU.ActiveCfg = Debug|Any CPU
		{7B5E60FC-97A2-41AF-9B0C-3B74FA1ECCDD}.Debug|Any CPU.Build.0 = Debug|Any CPU
		{7B5E60FC-97A2-41AF-9B0C-3B74FA1ECCDD}.Release|Any CPU.ActiveCfg = Release|Any CPU
		{7B5E60FC-97A2-41AF-9B0C-3B74FA1ECCDD}.Release|Any CPU.Build.0 = Release|Any CPU
	EndGlobalSection
	GlobalSection(SolutionProperties) = preSolution
		HideSolutionNode = FALSE
	EndGlobalSection
	GlobalSection(ExtensibilityGlobals) = postSolution
		SolutionGuid = {EC696FEF-1E31-41DE-922C-0835803ED001}
	EndGlobalSection
EndGlobal
